
Microsoft Visual Studio Solution File, Format Version 12.00
# Visual Studio Version 17
VisualStudioVersion = 17.14.36603.0
MinimumVisualStudioVersion = 10.0.40219.1
Project("{FAE04EC0-301F-11D3-BF4B-00C04F79EFBC}") = "Presentacion", "Nominas\Presentacion.csproj", "{C733C63C-EC5D-402A-8D3A-9832342BBDC9}"
EndProject
Project("{FAE04EC0-301F-11D3-BF4B-00C04F79EFBC}") = "Dominio", "Dominio\Dominio.csproj", "{BD21597D-C371-4755-AF87-430473C90E66}"
EndProject
Project("{FAE04EC0-301F-11D3-BF4B-00C04F79EFBC}") = "Persistencia", "Persistencia\Persistencia.csproj", "{5B36B52B-57AC-41EC-AC5A-306DB78C3DA4}"
EndProject
Project("{FAE04EC0-301F-11D3-BF4B-00C04F79EFBC}") = "Aplicacion", "Aplicacion\Aplicacion.csproj", "{6FEF5025-4963-4EAC-8ABF-FCFFD384DB7C}"
EndProject
Project("{FAE04EC0-301F-11D3-BF4B-00C04F79EFBC}") = "Tests", "Test\Tests.csproj", "{91E0D7DB-0BCC-4714-AE22-8BAEEA592777}"
EndProject
Global
	GlobalSection(SolutionConfigurationPlatforms) = preSolution
		Debug|Any CPU = Debug|Any CPU
		Release|Any CPU = Release|Any CPU
	EndGlobalSection
	GlobalSection(ProjectConfigurationPlatforms) = postSolution
		{C733C63C-EC5D-402A-8D3A-9832342BBDC9}.Debug|Any CPU.ActiveCfg = Debug|Any CPU
		{C733C63C-EC5D-402A-8D3A-9832342BBDC9}.Debug|Any CPU.Build.0 = Debug|Any CPU
		{C733C63C-EC5D-402A-8D3A-9832342BBDC9}.Release|Any CPU.ActiveCfg = Release|Any CPU
		{C733C63C-EC5D-402A-8D3A-9832342BBDC9}.Release|Any CPU.Build.0 = Release|Any CPU
		{BD21597D-C371-4755-AF87-430473C90E66}.Debug|Any CPU.ActiveCfg = Debug|Any CPU
		{BD21597D-C371-4755-AF87-430473C90E66}.Debug|Any CPU.Build.0 = Debug|Any CPU
		{BD21597D-C371-4755-AF87-430473C90E66}.Release|Any CPU.ActiveCfg = Release|Any CPU
		{BD21597D-C371-4755-AF87-430473C90E66}.Release|Any CPU.Build.0 = Release|Any CPU
		{5B36B52B-57AC-41EC-AC5A-306DB78C3DA4}.Debug|Any CPU.ActiveCfg = Debug|Any CPU
		{5B36B52B-57AC-41EC-AC5A-306DB78C3DA4}.Debug|Any CPU.Build.0 = Debug|Any CPU
		{5B36B52B-57AC-41EC-AC5A-306DB78C3DA4}.Release|Any CPU.ActiveCfg = Release|Any CPU
		{5B36B52B-57AC-41EC-AC5A-306DB78C3DA4}.Release|Any CPU.Build.0 = Release|Any CPU
		{6FEF5025-4963-4EAC-8ABF-FCFFD384DB7C}.Debug|Any CPU.ActiveCfg = Debug|Any CPU
		{6FEF5025-4963-4EAC-8ABF-FCFFD384DB7C}.Debug|Any CPU.Build.0 = Debug|Any CPU
		{6FEF5025-4963-4EAC-8ABF-FCFFD384DB7C}.Release|Any CPU.ActiveCfg = Release|Any CPU
		{6FEF5025-4963-4EAC-8ABF-FCFFD384DB7C}.Release|Any CPU.Build.0 = Release|Any CPU
		{91E0D7DB-0BCC-4714-AE22-8BAEEA592777}.Debug|Any CPU.ActiveCfg = Debug|Any CPU
		{91E0D7DB-0BCC-4714-AE22-8BAEEA592777}.Debug|Any CPU.Build.0 = Debug|Any CPU
		{91E0D7DB-0BCC-4714-AE22-8BAEEA592777}.Release|Any CPU.ActiveCfg = Release|Any CPU
		{91E0D7DB-0BCC-4714-AE22-8BAEEA592777}.Release|Any CPU.Build.0 = Release|Any CPU
	EndGlobalSection
	GlobalSection(SolutionProperties) = preSolution
		HideSolutionNode = FALSE
	EndGlobalSection
	GlobalSection(ExtensibilityGlobals) = postSolution
		SolutionGuid = {842200FD-6F4C-4946-9B3C-7BFEE4031A5E}
	EndGlobalSection
EndGlobal
